
Microsoft Visual Studio Solution File, Format Version 12.00
# Visual Studio Version 17
VisualStudioVersion = 17.10.34928.147
MinimumVisualStudioVersion = 10.0.40219.1
Project("{FAE04EC0-301F-11D3-BF4B-00C04F79EFBC}") = "InventoryMS", "InventoryMS\InventoryMS.csproj", "{EE41B7E8-1C06-46AD-8C5C-6684F457AA24}"
EndProject
Project("{FAE04EC0-301F-11D3-BF4B-00C04F79EFBC}") = "InventoryMS.Models", "InventoryMS.Models\InventoryMS.Models.csproj", "{D5C4C018-6C59-4025-9B3E-B18B8C91148F}"
EndProject
Project("{FAE04EC0-301F-11D3-BF4B-00C04F79EFBC}") = "InventoryMS.Data", "InventoryMS.Data\InventoryMS.Data.csproj", "{8568B9DB-D209-44D1-93A0-038B0E601094}"
EndProject
Global
	GlobalSection(SolutionConfigurationPlatforms) = preSolution
		Debug|Any CPU = Debug|Any CPU
		Release|Any CPU = Release|Any CPU
	EndGlobalSection
	GlobalSection(ProjectConfigurationPlatforms) = postSolution
		{EE41B7E8-1C06-46AD-8C5C-6684F457AA24}.Debug|Any CPU.ActiveCfg = Debug|Any CPU
		{EE41B7E8-1C06-46AD-8C5C-6684F457AA24}.Debug|Any CPU.Build.0 = Debug|Any CPU
		{EE41B7E8-1C06-46AD-8C5C-6684F457AA24}.Release|Any CPU.ActiveCfg = Release|Any CPU
		{EE41B7E8-1C06-46AD-8C5C-6684F457AA24}.Release|Any CPU.Build.0 = Release|Any CPU
		{D5C4C018-6C59-4025-9B3E-B18B8C91148F}.Debug|Any CPU.ActiveCfg = Debug|Any CPU
		{D5C4C018-6C59-4025-9B3E-B18B8C91148F}.Debug|Any CPU.Build.0 = Debug|Any CPU
		{D5C4C018-6C59-4025-9B3E-B18B8C91148F}.Release|Any CPU.ActiveCfg = Release|Any CPU
		{D5C4C018-6C59-4025-9B3E-B18B8C91148F}.Release|Any CPU.Build.0 = Release|Any CPU
		{8568B9DB-D209-44D1-93A0-038B0E601094}.Debug|Any CPU.ActiveCfg = Debug|Any CPU
		{8568B9DB-D209-44D1-93A0-038B0E601094}.Debug|Any CPU.Build.0 = Debug|Any CPU
		{8568B9DB-D209-44D1-93A0-038B0E601094}.Release|Any CPU.ActiveCfg = Release|Any CPU
		{8568B9DB-D209-44D1-93A0-038B0E601094}.Release|Any CPU.Build.0 = Release|Any CPU
	EndGlobalSection
	GlobalSection(SolutionProperties) = preSolution
		HideSolutionNode = FALSE
	EndGlobalSection
	GlobalSection(ExtensibilityGlobals) = postSolution
		SolutionGuid = {BABE12FC-225F-4A26-B5D4-3FDB5B3A6270}
	EndGlobalSection
EndGlobal
